// !$*UTF8*$!
{
	archiveVersion = 1;
	classes = {
	};
	objectVersion = 46;
	objects = {

/* Begin PBXBuildFile section */
		891F06831D8B78DE00FFEA2C /* TShirtViewController.swift in Sources */ = {isa = PBXBuildFile; fileRef = 891F06821D8B78DE00FFEA2C /* TShirtViewController.swift */; };
		892C87561D88CB7700A1BAAF /* AppDelegate.swift in Sources */ = {isa = PBXBuildFile; fileRef = 892C87551D88CB7700A1BAAF /* AppDelegate.swift */; };
		892C87581D88CB7700A1BAAF /* FibonacciViewController.swift in Sources */ = {isa = PBXBuildFile; fileRef = 892C87571D88CB7700A1BAAF /* FibonacciViewController.swift */; };
		892C875B1D88CB7700A1BAAF /* Main.storyboard in Resources */ = {isa = PBXBuildFile; fileRef = 892C87591D88CB7700A1BAAF /* Main.storyboard */; };
		892C875D1D88CB7700A1BAAF /* Assets.xcassets in Resources */ = {isa = PBXBuildFile; fileRef = 892C875C1D88CB7700A1BAAF /* Assets.xcassets */; };
		892C87601D88CB7700A1BAAF /* LaunchScreen.storyboard in Resources */ = {isa = PBXBuildFile; fileRef = 892C875E1D88CB7700A1BAAF /* LaunchScreen.storyboard */; };
		892C876B1D88CB7700A1BAAF /* PlanningPokerTests.swift in Sources */ = {isa = PBXBuildFile; fileRef = 892C876A1D88CB7700A1BAAF /* PlanningPokerTests.swift */; };
		892C87771D88D3FF00A1BAAF /* EstimateViewController.swift in Sources */ = {isa = PBXBuildFile; fileRef = 892C87761D88D3FF00A1BAAF /* EstimateViewController.swift */; };
		894AEABE1D8F0C8400FA3434 /* .gitignore in Resources */ = {isa = PBXBuildFile; fileRef = 894AEABD1D8F0C8400FA3434 /* .gitignore */; };
		896367A91D8EBDC400DC036F /* EstimateButton.swift in Sources */ = {isa = PBXBuildFile; fileRef = 896367A81D8EBDC400DC036F /* EstimateButton.swift */; };
		896367AB1D8EC8D300DC036F /* EstimateCard.swift in Sources */ = {isa = PBXBuildFile; fileRef = 896367AA1D8EC8D300DC036F /* EstimateCard.swift */; };
		896367AD1D8ECBFA00DC036F /* Estimate.swift in Sources */ = {isa = PBXBuildFile; fileRef = 896367AC1D8ECBFA00DC036F /* Estimate.swift */; };
		89E145FC1D8D6BCF00FE0CEC /* Pacifico.ttf in Resources */ = {isa = PBXBuildFile; fileRef = 89E145FB1D8D6BCF00FE0CEC /* Pacifico.ttf */; };
		89E145FE1D8D94E600FE0CEC /* PokerViewController.swift in Sources */ = {isa = PBXBuildFile; fileRef = 89E145FD1D8D94E600FE0CEC /* PokerViewController.swift */; };
/* End PBXBuildFile section */

/* Begin PBXContainerItemProxy section */
		892C87671D88CB7700A1BAAF /* PBXContainerItemProxy */ = {
			isa = PBXContainerItemProxy;
			containerPortal = 892C874A1D88CB7700A1BAAF /* Project object */;
			proxyType = 1;
			remoteGlobalIDString = 892C87511D88CB7700A1BAAF;
			remoteInfo = PlanningPoker;
		};
/* End PBXContainerItemProxy section */

/* Begin PBXFileReference section */
		891F06821D8B78DE00FFEA2C /* TShirtViewController.swift */ = {isa = PBXFileReference; fileEncoding = 4; lastKnownFileType = sourcecode.swift; path = TShirtViewController.swift; sourceTree = "<group>"; };
		892C87521D88CB7700A1BAAF /* PlanningPoker.app */ = {isa = PBXFileReference; explicitFileType = wrapper.application; includeInIndex = 0; path = PlanningPoker.app; sourceTree = BUILT_PRODUCTS_DIR; };
		892C87551D88CB7700A1BAAF /* AppDelegate.swift */ = {isa = PBXFileReference; lastKnownFileType = sourcecode.swift; path = AppDelegate.swift; sourceTree = "<group>"; };
		892C87571D88CB7700A1BAAF /* FibonacciViewController.swift */ = {isa = PBXFileReference; lastKnownFileType = sourcecode.swift; path = FibonacciViewController.swift; sourceTree = "<group>"; };
		892C875A1D88CB7700A1BAAF /* Base */ = {isa = PBXFileReference; lastKnownFileType = file.storyboard; name = Base; path = Base.lproj/Main.storyboard; sourceTree = "<group>"; };
		892C875C1D88CB7700A1BAAF /* Assets.xcassets */ = {isa = PBXFileReference; lastKnownFileType = folder.assetcatalog; path = Assets.xcassets; sourceTree = "<group>"; };
		892C875F1D88CB7700A1BAAF /* Base */ = {isa = PBXFileReference; lastKnownFileType = file.storyboard; name = Base; path = Base.lproj/LaunchScreen.storyboard; sourceTree = "<group>"; };
		892C87611D88CB7700A1BAAF /* Info.plist */ = {isa = PBXFileReference; lastKnownFileType = text.plist.xml; path = Info.plist; sourceTree = "<group>"; };
		892C87661D88CB7700A1BAAF /* PlanningPokerTests.xctest */ = {isa = PBXFileReference; explicitFileType = wrapper.cfbundle; includeInIndex = 0; path = PlanningPokerTests.xctest; sourceTree = BUILT_PRODUCTS_DIR; };
		892C876A1D88CB7700A1BAAF /* PlanningPokerTests.swift */ = {isa = PBXFileReference; lastKnownFileType = sourcecode.swift; path = PlanningPokerTests.swift; sourceTree = "<group>"; };
		892C876C1D88CB7700A1BAAF /* Info.plist */ = {isa = PBXFileReference; lastKnownFileType = text.plist.xml; path = Info.plist; sourceTree = "<group>"; };
		892C87761D88D3FF00A1BAAF /* EstimateViewController.swift */ = {isa = PBXFileReference; fileEncoding = 4; lastKnownFileType = sourcecode.swift; path = EstimateViewController.swift; sourceTree = "<group>"; };
		894AEABD1D8F0C8400FA3434 /* .gitignore */ = {isa = PBXFileReference; fileEncoding = 4; lastKnownFileType = text; path = .gitignore; sourceTree = "<group>"; };
		896367A81D8EBDC400DC036F /* EstimateButton.swift */ = {isa = PBXFileReference; fileEncoding = 4; lastKnownFileType = sourcecode.swift; path = EstimateButton.swift; sourceTree = "<group>"; };
		896367AA1D8EC8D300DC036F /* EstimateCard.swift */ = {isa = PBXFileReference; fileEncoding = 4; lastKnownFileType = sourcecode.swift; path = EstimateCard.swift; sourceTree = "<group>"; };
		896367AC1D8ECBFA00DC036F /* Estimate.swift */ = {isa = PBXFileReference; fileEncoding = 4; lastKnownFileType = sourcecode.swift; path = Estimate.swift; sourceTree = "<group>"; };
		89E145FB1D8D6BCF00FE0CEC /* Pacifico.ttf */ = {isa = PBXFileReference; lastKnownFileType = file; path = Pacifico.ttf; sourceTree = "<group>"; };
		89E145FD1D8D94E600FE0CEC /* PokerViewController.swift */ = {isa = PBXFileReference; fileEncoding = 4; lastKnownFileType = sourcecode.swift; path = PokerViewController.swift; sourceTree = "<group>"; };
/* End PBXFileReference section */

/* Begin PBXFrameworksBuildPhase section */
		892C874F1D88CB7700A1BAAF /* Frameworks */ = {
			isa = PBXFrameworksBuildPhase;
			buildActionMask = 2147483647;
			files = (
			);
			runOnlyForDeploymentPostprocessing = 0;
		};
		892C87631D88CB7700A1BAAF /* Frameworks */ = {
			isa = PBXFrameworksBuildPhase;
			buildActionMask = 2147483647;
			files = (
			);
			runOnlyForDeploymentPostprocessing = 0;
		};
/* End PBXFrameworksBuildPhase section */

/* Begin PBXGroup section */
		892C87491D88CB7700A1BAAF = {
			isa = PBXGroup;
			children = (
				892C87541D88CB7700A1BAAF /* PlanningPoker */,
				892C87691D88CB7700A1BAAF /* PlanningPokerTests */,
				892C87531D88CB7700A1BAAF /* Products */,
			);
			sourceTree = "<group>";
		};
		892C87531D88CB7700A1BAAF /* Products */ = {
			isa = PBXGroup;
			children = (
				892C87521D88CB7700A1BAAF /* PlanningPoker.app */,
				892C87661D88CB7700A1BAAF /* PlanningPokerTests.xctest */,
			);
			name = Products;
			sourceTree = "<group>";
		};
		892C87541D88CB7700A1BAAF /* PlanningPoker */ = {
			isa = PBXGroup;
			children = (
				89E145FD1D8D94E600FE0CEC /* PokerViewController.swift */,
				892C87571D88CB7700A1BAAF /* FibonacciViewController.swift */,
				891F06821D8B78DE00FFEA2C /* TShirtViewController.swift */,
				892C87761D88D3FF00A1BAAF /* EstimateViewController.swift */,
				896367AC1D8ECBFA00DC036F /* Estimate.swift */,
				896367A81D8EBDC400DC036F /* EstimateButton.swift */,
				896367AA1D8EC8D300DC036F /* EstimateCard.swift */,
				892C87591D88CB7700A1BAAF /* Main.storyboard */,
				892C87751D88CBAB00A1BAAF /* Supporting Files */,
				89E145F61D8D5E7300FE0CEC /* Resources */,
				894AEABD1D8F0C8400FA3434 /* .gitignore */,
			);
			path = PlanningPoker;
			sourceTree = "<group>";
		};
		892C87691D88CB7700A1BAAF /* PlanningPokerTests */ = {
			isa = PBXGroup;
			children = (
				892C876A1D88CB7700A1BAAF /* PlanningPokerTests.swift */,
				892C876C1D88CB7700A1BAAF /* Info.plist */,
			);
			path = PlanningPokerTests;
			sourceTree = "<group>";
		};
		892C87751D88CBAB00A1BAAF /* Supporting Files */ = {
			isa = PBXGroup;
			children = (
				892C875C1D88CB7700A1BAAF /* Assets.xcassets */,
				892C87551D88CB7700A1BAAF /* AppDelegate.swift */,
				892C875E1D88CB7700A1BAAF /* LaunchScreen.storyboard */,
				892C87611D88CB7700A1BAAF /* Info.plist */,
			);
			name = "Supporting Files";
			sourceTree = "<group>";
		};
		89E145F61D8D5E7300FE0CEC /* Resources */ = {
			isa = PBXGroup;
			children = (
				89E145FB1D8D6BCF00FE0CEC /* Pacifico.ttf */,
			);
			name = Resources;
			sourceTree = "<group>";
		};
/* End PBXGroup section */

/* Begin PBXNativeTarget section */
		892C87511D88CB7700A1BAAF /* PlanningPoker */ = {
			isa = PBXNativeTarget;
			buildConfigurationList = 892C876F1D88CB7700A1BAAF /* Build configuration list for PBXNativeTarget "PlanningPoker" */;
			buildPhases = (
				892C874E1D88CB7700A1BAAF /* Sources */,
				892C874F1D88CB7700A1BAAF /* Frameworks */,
				892C87501D88CB7700A1BAAF /* Resources */,
			);
			buildRules = (
			);
			dependencies = (
			);
			name = PlanningPoker;
			productName = PlanningPoker;
			productReference = 892C87521D88CB7700A1BAAF /* PlanningPoker.app */;
			productType = "com.apple.product-type.application";
		};
		892C87651D88CB7700A1BAAF /* PlanningPokerTests */ = {
			isa = PBXNativeTarget;
			buildConfigurationList = 892C87721D88CB7700A1BAAF /* Build configuration list for PBXNativeTarget "PlanningPokerTests" */;
			buildPhases = (
				892C87621D88CB7700A1BAAF /* Sources */,
				892C87631D88CB7700A1BAAF /* Frameworks */,
				892C87641D88CB7700A1BAAF /* Resources */,
			);
			buildRules = (
			);
			dependencies = (
				892C87681D88CB7700A1BAAF /* PBXTargetDependency */,
			);
			name = PlanningPokerTests;
			productName = PlanningPokerTests;
			productReference = 892C87661D88CB7700A1BAAF /* PlanningPokerTests.xctest */;
			productType = "com.apple.product-type.bundle.unit-test";
		};
/* End PBXNativeTarget section */

/* Begin PBXProject section */
		892C874A1D88CB7700A1BAAF /* Project object */ = {
			isa = PBXProject;
			attributes = {
				LastSwiftUpdateCheck = 0730;
				LastUpgradeCheck = 0800;
				ORGANIZATIONNAME = "Jeff Gharakhanian";
				TargetAttributes = {
					892C87511D88CB7700A1BAAF = {
						CreatedOnToolsVersion = 7.3.1;
						DevelopmentTeam = ULDGYX7V5C;
						LastSwiftMigration = 0800;
					};
					892C87651D88CB7700A1BAAF = {
						CreatedOnToolsVersion = 7.3.1;
						LastSwiftMigration = 0800;
						TestTargetID = 892C87511D88CB7700A1BAAF;
					};
				};
			};
			buildConfigurationList = 892C874D1D88CB7700A1BAAF /* Build configuration list for PBXProject "PlanningPoker" */;
			compatibilityVersion = "Xcode 3.2";
			developmentRegion = English;
			hasScannedForEncodings = 0;
			knownRegions = (
				en,
				Base,
			);
			mainGroup = 892C87491D88CB7700A1BAAF;
			productRefGroup = 892C87531D88CB7700A1BAAF /* Products */;
			projectDirPath = "";
			projectRoot = "";
			targets = (
				892C87511D88CB7700A1BAAF /* PlanningPoker */,
				892C87651D88CB7700A1BAAF /* PlanningPokerTests */,
			);
		};
/* End PBXProject section */

/* Begin PBXResourcesBuildPhase section */
		892C87501D88CB7700A1BAAF /* Resources */ = {
			isa = PBXResourcesBuildPhase;
			buildActionMask = 2147483647;
			files = (
				894AEABE1D8F0C8400FA3434 /* .gitignore in Resources */,
				892C87601D88CB7700A1BAAF /* LaunchScreen.storyboard in Resources */,
				892C875D1D88CB7700A1BAAF /* Assets.xcassets in Resources */,
				89E145FC1D8D6BCF00FE0CEC /* Pacifico.ttf in Resources */,
				892C875B1D88CB7700A1BAAF /* Main.storyboard in Resources */,
			);
			runOnlyForDeploymentPostprocessing = 0;
		};
		892C87641D88CB7700A1BAAF /* Resources */ = {
			isa = PBXResourcesBuildPhase;
			buildActionMask = 2147483647;
			files = (
			);
			runOnlyForDeploymentPostprocessing = 0;
		};
/* End PBXResourcesBuildPhase section */

/* Begin PBXSourcesBuildPhase section */
		892C874E1D88CB7700A1BAAF /* Sources */ = {
			isa = PBXSourcesBuildPhase;
			buildActionMask = 2147483647;
			files = (
				892C87771D88D3FF00A1BAAF /* EstimateViewController.swift in Sources */,
				896367AB1D8EC8D300DC036F /* EstimateCard.swift in Sources */,
				896367A91D8EBDC400DC036F /* EstimateButton.swift in Sources */,
				892C87581D88CB7700A1BAAF /* FibonacciViewController.swift in Sources */,
				89E145FE1D8D94E600FE0CEC /* PokerViewController.swift in Sources */,
				896367AD1D8ECBFA00DC036F /* Estimate.swift in Sources */,
				891F06831D8B78DE00FFEA2C /* TShirtViewController.swift in Sources */,
				892C87561D88CB7700A1BAAF /* AppDelegate.swift in Sources */,
			);
			runOnlyForDeploymentPostprocessing = 0;
		};
		892C87621D88CB7700A1BAAF /* Sources */ = {
			isa = PBXSourcesBuildPhase;
			buildActionMask = 2147483647;
			files = (
				892C876B1D88CB7700A1BAAF /* PlanningPokerTests.swift in Sources */,
			);
			runOnlyForDeploymentPostprocessing = 0;
		};
/* End PBXSourcesBuildPhase section */

/* Begin PBXTargetDependency section */
		892C87681D88CB7700A1BAAF /* PBXTargetDependency */ = {
			isa = PBXTargetDependency;
			target = 892C87511D88CB7700A1BAAF /* PlanningPoker */;
			targetProxy = 892C87671D88CB7700A1BAAF /* PBXContainerItemProxy */;
		};
/* End PBXTargetDependency section */

/* Begin PBXVariantGroup section */
		892C87591D88CB7700A1BAAF /* Main.storyboard */ = {
			isa = PBXVariantGroup;
			children = (
				892C875A1D88CB7700A1BAAF /* Base */,
			);
			name = Main.storyboard;
			sourceTree = "<group>";
		};
		892C875E1D88CB7700A1BAAF /* LaunchScreen.storyboard */ = {
			isa = PBXVariantGroup;
			children = (
				892C875F1D88CB7700A1BAAF /* Base */,
			);
			name = LaunchScreen.storyboard;
			sourceTree = "<group>";
		};
/* End PBXVariantGroup section */

/* Begin XCBuildConfiguration section */
		892C876D1D88CB7700A1BAAF /* Debug */ = {
			isa = XCBuildConfiguration;
			buildSettings = {
				ALWAYS_SEARCH_USER_PATHS = NO;
				CLANG_ANALYZER_NONNULL = YES;
				CLANG_CXX_LANGUAGE_STANDARD = "gnu++0x";
				CLANG_CXX_LIBRARY = "libc++";
				CLANG_ENABLE_MODULES = YES;
				CLANG_ENABLE_OBJC_ARC = YES;
				CLANG_WARN_BOOL_CONVERSION = YES;
				CLANG_WARN_CONSTANT_CONVERSION = YES;
				CLANG_WARN_DIRECT_OBJC_ISA_USAGE = YES_ERROR;
				CLANG_WARN_EMPTY_BODY = YES;
				CLANG_WARN_ENUM_CONVERSION = YES;
				CLANG_WARN_INFINITE_RECURSION = YES;
				CLANG_WARN_INT_CONVERSION = YES;
				CLANG_WARN_OBJC_ROOT_CLASS = YES_ERROR;
				CLANG_WARN_SUSPICIOUS_MOVE = YES;
				CLANG_WARN_UNREACHABLE_CODE = YES;
				CLANG_WARN__DUPLICATE_METHOD_MATCH = YES;
				"CODE_SIGN_IDENTITY[sdk=iphoneos*]" = "iPhone Developer";
				COPY_PHASE_STRIP = NO;
				DEBUG_INFORMATION_FORMAT = dwarf;
				ENABLE_STRICT_OBJC_MSGSEND = YES;
				ENABLE_TESTABILITY = YES;
				GCC_C_LANGUAGE_STANDARD = gnu99;
				GCC_DYNAMIC_NO_PIC = NO;
				GCC_NO_COMMON_BLOCKS = YES;
				GCC_OPTIMIZATION_LEVEL = 0;
				GCC_PREPROCESSOR_DEFINITIONS = (
					"DEBUG=1",
					"$(inherited)",
				);
				GCC_WARN_64_TO_32_BIT_CONVERSION = YES;
				GCC_WARN_ABOUT_RETURN_TYPE = YES_ERROR;
				GCC_WARN_UNDECLARED_SELECTOR = YES;
				GCC_WARN_UNINITIALIZED_AUTOS = YES_AGGRESSIVE;
				GCC_WARN_UNUSED_FUNCTION = YES;
				GCC_WARN_UNUSED_VARIABLE = YES;
				IPHONEOS_DEPLOYMENT_TARGET = 9.3;
				MTL_ENABLE_DEBUG_INFO = YES;
				ONLY_ACTIVE_ARCH = YES;
				SDKROOT = iphoneos;
				SWIFT_OPTIMIZATION_LEVEL = "-Onone";
				TARGETED_DEVICE_FAMILY = "1,2";
			};
			name = Debug;
		};
		892C876E1D88CB7700A1BAAF /* Release */ = {
			isa = XCBuildConfiguration;
			buildSettings = {
				ALWAYS_SEARCH_USER_PATHS = NO;
				CLANG_ANALYZER_NONNULL = YES;
				CLANG_CXX_LANGUAGE_STANDARD = "gnu++0x";
				CLANG_CXX_LIBRARY = "libc++";
				CLANG_ENABLE_MODULES = YES;
				CLANG_ENABLE_OBJC_ARC = YES;
				CLANG_WARN_BOOL_CONVERSION = YES;
				CLANG_WARN_CONSTANT_CONVERSION = YES;
				CLANG_WARN_DIRECT_OBJC_ISA_USAGE = YES_ERROR;
				CLANG_WARN_EMPTY_BODY = YES;
				CLANG_WARN_ENUM_CONVERSION = YES;
				CLANG_WARN_INFINITE_RECURSION = YES;
				CLANG_WARN_INT_CONVERSION = YES;
				CLANG_WARN_OBJC_ROOT_CLASS = YES_ERROR;
				CLANG_WARN_SUSPICIOUS_MOVE = YES;
				CLANG_WARN_UNREACHABLE_CODE = YES;
				CLANG_WARN__DUPLICATE_METHOD_MATCH = YES;
				"CODE_SIGN_IDENTITY[sdk=iphoneos*]" = "iPhone Developer";
				COPY_PHASE_STRIP = NO;
				DEBUG_INFORMATION_FORMAT = "dwarf-with-dsym";
				ENABLE_NS_ASSERTIONS = NO;
				ENABLE_STRICT_OBJC_MSGSEND = YES;
				GCC_C_LANGUAGE_STANDARD = gnu99;
				GCC_NO_COMMON_BLOCKS = YES;
				GCC_WARN_64_TO_32_BIT_CONVERSION = YES;
				GCC_WARN_ABOUT_RETURN_TYPE = YES_ERROR;
				GCC_WARN_UNDECLARED_SELECTOR = YES;
				GCC_WARN_UNINITIALIZED_AUTOS = YES_AGGRESSIVE;
				GCC_WARN_UNUSED_FUNCTION = YES;
				GCC_WARN_UNUSED_VARIABLE = YES;
				IPHONEOS_DEPLOYMENT_TARGET = 9.3;
				MTL_ENABLE_DEBUG_INFO = NO;
				SDKROOT = iphoneos;
				SWIFT_OPTIMIZATION_LEVEL = "-Owholemodule";
				TARGETED_DEVICE_FAMILY = "1,2";
				VALIDATE_PRODUCT = YES;
			};
			name = Release;
		};
		892C87701D88CB7700A1BAAF /* Debug */ = {
			isa = XCBuildConfiguration;
			buildSettings = {
				ASSETCATALOG_COMPILER_APPICON_NAME = AppIcon;
				DEVELOPMENT_TEAM = ULDGYX7V5C;
				INFOPLIST_FILE = PlanningPoker/Info.plist;
				LD_RUNPATH_SEARCH_PATHS = "$(inherited) @executable_path/Frameworks";
				PRODUCT_BUNDLE_IDENTIFIER = com.okayjeff.StoryTime;
				PRODUCT_NAME = "$(TARGET_NAME)";
				SWIFT_VERSION = 3.0;
				TARGETED_DEVICE_FAMILY = 1;
			};
			name = Debug;
		};
		892C87711D88CB7700A1BAAF /* Release */ = {
			isa = XCBuildConfiguration;
			buildSettings = {
				ASSETCATALOG_COMPILER_APPICON_NAME = AppIcon;
				DEVELOPMENT_TEAM = ULDGYX7V5C;
				INFOPLIST_FILE = PlanningPoker/Info.plist;
				LD_RUNPATH_SEARCH_PATHS = "$(inherited) @executable_path/Frameworks";
				PRODUCT_BUNDLE_IDENTIFIER = com.okayjeff.StoryTime;
				PRODUCT_NAME = "$(TARGET_NAME)";
				SWIFT_VERSION = 3.0;
				TARGETED_DEVICE_FAMILY = 1;
			};
			name = Release;
		};
		892C87731D88CB7700A1BAAF /* Debug */ = {
			isa = XCBuildConfiguration;
			buildSettings = {
				BUNDLE_LOADER = "$(TEST_HOST)";
				INFOPLIST_FILE = PlanningPokerTests/Info.plist;
				LD_RUNPATH_SEARCH_PATHS = "$(inherited) @executable_path/Frameworks @loader_path/Frameworks";
				PRODUCT_BUNDLE_IDENTIFIER = okayjeff.PlanningPokerTests;
				PRODUCT_NAME = "$(TARGET_NAME)";
				SWIFT_VERSION = 3.0;
				TEST_HOST = "$(BUILT_PRODUCTS_DIR)/PlanningPoker.app/PlanningPoker";
			};
			name = Debug;
		};
		892C87741D88CB7700A1BAAF /* Release */ = {
			isa = XCBuildConfiguration;
			buildSettings = {
				BUNDLE_LOADER = "$(TEST_HOST)";
				INFOPLIST_FILE = PlanningPokerTests/Info.plist;
				LD_RUNPATH_SEARCH_PATHS = "$(inherited) @executable_path/Frameworks @loader_path/Frameworks";
				PRODUCT_BUNDLE_IDENTIFIER = okayjeff.PlanningPokerTests;
				PRODUCT_NAME = "$(TARGET_NAME)";
				SWIFT_VERSION = 3.0;
				TEST_HOST = "$(BUILT_PRODUCTS_DIR)/PlanningPoker.app/PlanningPoker";
			};
			name = Release;
		};
/* End XCBuildConfiguration section */

/* Begin XCConfigurationList section */
		892C874D1D88CB7700A1BAAF /* Build configuration list for PBXProject "PlanningPoker" */ = {
			isa = XCConfigurationList;
			buildConfigurations = (
				892C876D1D88CB7700A1BAAF /* Debug */,
				892C876E1D88CB7700A1BAAF /* Release */,
			);
			defaultConfigurationIsVisible = 0;
			defaultConfigurationName = Release;
		};
		892C876F1D88CB7700A1BAAF /* Build configuration list for PBXNativeTarget "PlanningPoker" */ = {
			isa = XCConfigurationList;
			buildConfigurations = (
				892C87701D88CB7700A1BAAF /* Debug */,
				892C87711D88CB7700A1BAAF /* Release */,
			);
			defaultConfigurationIsVisible = 0;
			defaultConfigurationName = Release;
		};
		892C87721D88CB7700A1BAAF /* Build configuration list for PBXNativeTarget "PlanningPokerTests" */ = {
			isa = XCConfigurationList;
			buildConfigurations = (
				892C87731D88CB7700A1BAAF /* Debug */,
				892C87741D88CB7700A1BAAF /* Release */,
			);
			defaultConfigurationIsVisible = 0;
			defaultConfigurationName = Release;
		};
/* End XCConfigurationList section */
	};
	rootObject = 892C874A1D88CB7700A1BAAF /* Project object */;
}
